
Microsoft Visual Studio Solution File, Format Version 12.00
# Visual Studio Version 16
VisualStudioVersion = 16.0.33027.164
MinimumVisualStudioVersion = 10.0.40219.1
Project("{FAE04EC0-301F-11D3-BF4B-00C04F79EFBC}") = "FilmView", "FilmView\FilmView.csproj", "{AA0D5C7A-98C6-4501-8772-B460B86E02AB}"
EndProject
Global
	GlobalSection(SolutionConfigurationPlatforms) = preSolution
		Debug|Any CPU = Debug|Any CPU
		Release|Any CPU = Release|Any CPU
	EndGlobalSection
	GlobalSection(ProjectConfigurationPlatforms) = postSolution
		{AA0D5C7A-98C6-4501-8772-B460B86E02AB}.Debug|Any CPU.ActiveCfg = Debug|Any CPU
		{AA0D5C7A-98C6-4501-8772-B460B86E02AB}.Debug|Any CPU.Build.0 = Debug|Any CPU
		{AA0D5C7A-98C6-4501-8772-B460B86E02AB}.Release|Any CPU.ActiveCfg = Release|Any CPU
		{AA0D5C7A-98C6-4501-8772-B460B86E02AB}.Release|Any CPU.Build.0 = Release|Any CPU
	EndGlobalSection
	GlobalSection(SolutionProperties) = preSolution
		HideSolutionNode = FALSE
	EndGlobalSection
	GlobalSection(ExtensibilityGlobals) = postSolution
		SolutionGuid = {5A089AC1-A001-4A58-926B-A9B601B1B50A}
	EndGlobalSection
EndGlobal
